
Microsoft Visual Studio Solution File, Format Version 12.00
# Visual Studio Version 17
VisualStudioVersion = 17.3.32922.545
MinimumVisualStudioVersion = 10.0.40219.1
Project("{8BC9CEB8-8B4A-11D0-8D11-00A0C91BC942}") = "backjoon10815", "backjoon10815\backjoon10815.vcxproj", "{BC4EFA74-4E9D-48CA-9B74-ED32FC724375}"
EndProject
Global
	GlobalSection(SolutionConfigurationPlatforms) = preSolution
		Debug|x64 = Debug|x64
		Debug|x86 = Debug|x86
		Release|x64 = Release|x64
		Release|x86 = Release|x86
	EndGlobalSection
	GlobalSection(ProjectConfigurationPlatforms) = postSolution
		{BC4EFA74-4E9D-48CA-9B74-ED32FC724375}.Debug|x64.ActiveCfg = Debug|x64
		{BC4EFA74-4E9D-48CA-9B74-ED32FC724375}.Debug|x64.Build.0 = Debug|x64
		{BC4EFA74-4E9D-48CA-9B74-ED32FC724375}.Debug|x86.ActiveCfg = Debug|Win32
		{BC4EFA74-4E9D-48CA-9B74-ED32FC724375}.Debug|x86.Build.0 = Debug|Win32
		{BC4EFA74-4E9D-48CA-9B74-ED32FC724375}.Release|x64.ActiveCfg = Release|x64
		{BC4EFA74-4E9D-48CA-9B74-ED32FC724375}.Release|x64.Build.0 = Release|x64
		{BC4EFA74-4E9D-48CA-9B74-ED32FC724375}.Release|x86.ActiveCfg = Release|Win32
		{BC4EFA74-4E9D-48CA-9B74-ED32FC724375}.Release|x86.Build.0 = Release|Win32
	EndGlobalSection
	GlobalSection(SolutionProperties) = preSolution
		HideSolutionNode = FALSE
	EndGlobalSection
	GlobalSection(ExtensibilityGlobals) = postSolution
		SolutionGuid = {43399C71-0B9B-4011-901F-F95E1F6D5D94}
	EndGlobalSection
EndGlobal
