
Microsoft Visual Studio Solution File, Format Version 12.00
# Visual Studio Version 17
VisualStudioVersion = 17.3.32922.545
MinimumVisualStudioVersion = 10.0.40219.1
Project("{8BC9CEB8-8B4A-11D0-8D11-00A0C91BC942}") = "backjoon10886", "backjoon10886\backjoon10886.vcxproj", "{FB6B0E01-6618-4C4A-9FA2-84D5EB0E63F1}"
EndProject
Global
	GlobalSection(SolutionConfigurationPlatforms) = preSolution
		Debug|x64 = Debug|x64
		Debug|x86 = Debug|x86
		Release|x64 = Release|x64
		Release|x86 = Release|x86
	EndGlobalSection
	GlobalSection(ProjectConfigurationPlatforms) = postSolution
		{FB6B0E01-6618-4C4A-9FA2-84D5EB0E63F1}.Debug|x64.ActiveCfg = Debug|x64
		{FB6B0E01-6618-4C4A-9FA2-84D5EB0E63F1}.Debug|x64.Build.0 = Debug|x64
		{FB6B0E01-6618-4C4A-9FA2-84D5EB0E63F1}.Debug|x86.ActiveCfg = Debug|Win32
		{FB6B0E01-6618-4C4A-9FA2-84D5EB0E63F1}.Debug|x86.Build.0 = Debug|Win32
		{FB6B0E01-6618-4C4A-9FA2-84D5EB0E63F1}.Release|x64.ActiveCfg = Release|x64
		{FB6B0E01-6618-4C4A-9FA2-84D5EB0E63F1}.Release|x64.Build.0 = Release|x64
		{FB6B0E01-6618-4C4A-9FA2-84D5EB0E63F1}.Release|x86.ActiveCfg = Release|Win32
		{FB6B0E01-6618-4C4A-9FA2-84D5EB0E63F1}.Release|x86.Build.0 = Release|Win32
	EndGlobalSection
	GlobalSection(SolutionProperties) = preSolution
		HideSolutionNode = FALSE
	EndGlobalSection
	GlobalSection(ExtensibilityGlobals) = postSolution
		SolutionGuid = {87E1874E-B7F0-4B61-B073-794A0DDBB3F7}
	EndGlobalSection
EndGlobal
